
Microsoft Visual Studio Solution File, Format Version 12.00
# Visual Studio Version 17
VisualStudioVersion = 17.0.31612.314
MinimumVisualStudioVersion = 10.0.40219.1
Project("{9A19103F-16F7-4668-BE54-9A1E7A4F7556}") = "ApiLinkGamer", "ApiLinkGamer\ApiLinkGamer.csproj", "{321DB51C-884E-484D-83CD-2E2821668C81}"
EndProject
Project("{9A19103F-16F7-4668-BE54-9A1E7A4F7556}") = "Data", "Repository\Data.csproj", "{559B6E7F-6B72-4182-B49C-4774D0EFBF71}"
EndProject
Project("{9A19103F-16F7-4668-BE54-9A1E7A4F7556}") = "Domain", "Domain\Domain.csproj", "{B63F346F-CFF8-4F5E-9B7E-ED60AA1B06DF}"
EndProject
Project("{FAE04EC0-301F-11D3-BF4B-00C04F79EFBC}") = "Service", "Service\Service.csproj", "{F054672A-B058-4B56-A502-15167CAE0C4F}"
EndProject
Global
	GlobalSection(SolutionConfigurationPlatforms) = preSolution
		Debug|Any CPU = Debug|Any CPU
		Release|Any CPU = Release|Any CPU
	EndGlobalSection
	GlobalSection(ProjectConfigurationPlatforms) = postSolution
		{321DB51C-884E-484D-83CD-2E2821668C81}.Debug|Any CPU.ActiveCfg = Debug|Any CPU
		{321DB51C-884E-484D-83CD-2E2821668C81}.Debug|Any CPU.Build.0 = Debug|Any CPU
		{321DB51C-884E-484D-83CD-2E2821668C81}.Release|Any CPU.ActiveCfg = Release|Any CPU
		{321DB51C-884E-484D-83CD-2E2821668C81}.Release|Any CPU.Build.0 = Release|Any CPU
		{559B6E7F-6B72-4182-B49C-4774D0EFBF71}.Debug|Any CPU.ActiveCfg = Debug|Any CPU
		{559B6E7F-6B72-4182-B49C-4774D0EFBF71}.Debug|Any CPU.Build.0 = Debug|Any CPU
		{559B6E7F-6B72-4182-B49C-4774D0EFBF71}.Release|Any CPU.ActiveCfg = Release|Any CPU
		{559B6E7F-6B72-4182-B49C-4774D0EFBF71}.Release|Any CPU.Build.0 = Release|Any CPU
		{B63F346F-CFF8-4F5E-9B7E-ED60AA1B06DF}.Debug|Any CPU.ActiveCfg = Debug|Any CPU
		{B63F346F-CFF8-4F5E-9B7E-ED60AA1B06DF}.Debug|Any CPU.Build.0 = Debug|Any CPU
		{B63F346F-CFF8-4F5E-9B7E-ED60AA1B06DF}.Release|Any CPU.ActiveCfg = Release|Any CPU
		{B63F346F-CFF8-4F5E-9B7E-ED60AA1B06DF}.Release|Any CPU.Build.0 = Release|Any CPU
		{F054672A-B058-4B56-A502-15167CAE0C4F}.Debug|Any CPU.ActiveCfg = Debug|Any CPU
		{F054672A-B058-4B56-A502-15167CAE0C4F}.Debug|Any CPU.Build.0 = Debug|Any CPU
		{F054672A-B058-4B56-A502-15167CAE0C4F}.Release|Any CPU.ActiveCfg = Release|Any CPU
		{F054672A-B058-4B56-A502-15167CAE0C4F}.Release|Any CPU.Build.0 = Release|Any CPU
	EndGlobalSection
	GlobalSection(SolutionProperties) = preSolution
		HideSolutionNode = FALSE
	EndGlobalSection
	GlobalSection(ExtensibilityGlobals) = postSolution
		SolutionGuid = {324CE504-5A2A-4ED3-9AF4-6318D55259A5}
	EndGlobalSection
EndGlobal
